
Microsoft Visual Studio Solution File, Format Version 12.00
# Visual Studio Version 16
VisualStudioVersion = 16.0.31205.134
MinimumVisualStudioVersion = 10.0.40219.1
Project("{888888A0-9F3D-457C-B088-3A5042F75D52}") = "pdfparser", "pdfparser\pdfparser.pyproj", "{73FA4BFF-B10B-4590-8AF4-E504AC7C663E}"
EndProject
Global
	GlobalSection(SolutionConfigurationPlatforms) = preSolution
		Debug|Any CPU = Debug|Any CPU
		Release|Any CPU = Release|Any CPU
	EndGlobalSection
	GlobalSection(ProjectConfigurationPlatforms) = postSolution
		{73FA4BFF-B10B-4590-8AF4-E504AC7C663E}.Debug|Any CPU.ActiveCfg = Debug|Any CPU
		{73FA4BFF-B10B-4590-8AF4-E504AC7C663E}.Release|Any CPU.ActiveCfg = Release|Any CPU
	EndGlobalSection
	GlobalSection(SolutionProperties) = preSolution
		HideSolutionNode = FALSE
	EndGlobalSection
	GlobalSection(ExtensibilityGlobals) = postSolution
		SolutionGuid = {CED3BC44-9E57-4DC6-85C7-A7AC8B9AF00C}
	EndGlobalSection
EndGlobal
